github.com/gomsx/hello v0.0.0-20191108045123-d96f4acc4bcd h1:6B4swJwGeP+JPrOM9HZf0ZXMSpWQvhMmmHJQsSrFyEQ=
github.com/gomsx/hello v0.0.0-20191108045123-d96f4acc4bcd/go.mod h1:WIpqATFdJGvYxgvQfN2baYSadV5alU5aoQx4UUsf9ug=
github.com/gomsx/world/v2 v2.0.1 h1:4XE9jOcj3BQPL57tklEW7ksoHz3JQYaybUMKoM3X02g=
github.com/gomsx/world/v2 v2.0.1/go.mod h1:ZCkiZbOvYhjZwy7TKftqutPhefOi3udaNyEG5nhbVzI=
